
Microsoft Visual Studio Solution File, Format Version 12.00
# Visual Studio Version 16
VisualStudioVersion = 16.0.30907.101
MinimumVisualStudioVersion = 10.0.40219.1
Project("{9A19103F-16F7-4668-BE54-9A1E7A4F7556}") = "FunctionCalculator", "FunctionCalculator\FunctionCalculator.csproj", "{3B5A8181-8F86-4B0F-8E4B-17349760EE55}"
EndProject
Global
	GlobalSection(SolutionConfigurationPlatforms) = preSolution
		Debug|Any CPU = Debug|Any CPU
		Release|Any CPU = Release|Any CPU
	EndGlobalSection
	GlobalSection(ProjectConfigurationPlatforms) = postSolution
		{3B5A8181-8F86-4B0F-8E4B-17349760EE55}.Debug|Any CPU.ActiveCfg = Debug|Any CPU
		{3B5A8181-8F86-4B0F-8E4B-17349760EE55}.Debug|Any CPU.Build.0 = Debug|Any CPU
		{3B5A8181-8F86-4B0F-8E4B-17349760EE55}.Release|Any CPU.ActiveCfg = Release|Any CPU
		{3B5A8181-8F86-4B0F-8E4B-17349760EE55}.Release|Any CPU.Build.0 = Release|Any CPU
	EndGlobalSection
	GlobalSection(SolutionProperties) = preSolution
		HideSolutionNode = FALSE
	EndGlobalSection
	GlobalSection(ExtensibilityGlobals) = postSolution
		SolutionGuid = {9FD9F3A2-1B39-4754-A28A-9122CBB79D7E}
	EndGlobalSection
EndGlobal
